
Microsoft Visual Studio Solution File, Format Version 12.00
# Visual Studio Version 17
VisualStudioVersion = 17.5.33530.505
MinimumVisualStudioVersion = 10.0.40219.1
Project("{FAE04EC0-301F-11D3-BF4B-00C04F79EFBC}") = "QR_code _Generate&Read_using_asp.netc#", "QR_code _Generate&Read_using_asp.netc#.csproj", "{68BE1F06-4E0F-4414-AF99-BF04F10D559A}"
EndProject
Global
	GlobalSection(SolutionConfigurationPlatforms) = preSolution
		Debug|Any CPU = Debug|Any CPU
		Release|Any CPU = Release|Any CPU
	EndGlobalSection
	GlobalSection(ProjectConfigurationPlatforms) = postSolution
		{68BE1F06-4E0F-4414-AF99-BF04F10D559A}.Debug|Any CPU.ActiveCfg = Debug|Any CPU
		{68BE1F06-4E0F-4414-AF99-BF04F10D559A}.Debug|Any CPU.Build.0 = Debug|Any CPU
		{68BE1F06-4E0F-4414-AF99-BF04F10D559A}.Release|Any CPU.ActiveCfg = Release|Any CPU
		{68BE1F06-4E0F-4414-AF99-BF04F10D559A}.Release|Any CPU.Build.0 = Release|Any CPU
	EndGlobalSection
	GlobalSection(SolutionProperties) = preSolution
		HideSolutionNode = FALSE
	EndGlobalSection
	GlobalSection(ExtensibilityGlobals) = postSolution
		SolutionGuid = {C29B5AE7-C0B5-47B5-8797-C8524A8D2388}
	EndGlobalSection
EndGlobal
